
Microsoft Visual Studio Solution File, Format Version 12.00
# Visual Studio Version 17
VisualStudioVersion = 17.8.34330.188
MinimumVisualStudioVersion = 10.0.40219.1
Project("{FAE04EC0-301F-11D3-BF4B-00C04F79EFBC}") = "crud-app1", "crud-app1.csproj", "{0A91434B-5F2C-425C-B0A5-9B64F8E3C2D9}"
EndProject
Global
	GlobalSection(SolutionConfigurationPlatforms) = preSolution
		Debug|Any CPU = Debug|Any CPU
		Release|Any CPU = Release|Any CPU
	EndGlobalSection
	GlobalSection(ProjectConfigurationPlatforms) = postSolution
		{0A91434B-5F2C-425C-B0A5-9B64F8E3C2D9}.Debug|Any CPU.ActiveCfg = Debug|Any CPU
		{0A91434B-5F2C-425C-B0A5-9B64F8E3C2D9}.Debug|Any CPU.Build.0 = Debug|Any CPU
		{0A91434B-5F2C-425C-B0A5-9B64F8E3C2D9}.Release|Any CPU.ActiveCfg = Release|Any CPU
		{0A91434B-5F2C-425C-B0A5-9B64F8E3C2D9}.Release|Any CPU.Build.0 = Release|Any CPU
	EndGlobalSection
	GlobalSection(SolutionProperties) = preSolution
		HideSolutionNode = FALSE
	EndGlobalSection
	GlobalSection(ExtensibilityGlobals) = postSolution
		SolutionGuid = {51FB6FE3-9584-4140-9C67-23105CAF2E69}
	EndGlobalSection
EndGlobal
